
Microsoft Visual Studio Solution File, Format Version 11.00
# Visual Studio 2010
Project("{8BC9CEB8-8B4A-11D0-8D11-00A0C91BC942}") = "ContentParser", "test\ContentParser\ContentParser.vcxproj", "{E62C6EDA-F20A-3CF3-9BB7-F26194887B2C}"
	ProjectSection(ProjectDependencies) = postProject
		{024903D7-ECA4-3512-BAC3-B5AFA58A0B57} = {024903D7-ECA4-3512-BAC3-B5AFA58A0B57}
	EndProjectSection
EndProject
Project("{8BC9CEB8-8B4A-11D0-8D11-00A0C91BC942}") = "CreationTest", "test\CreationTest\CreationTest.vcxproj", "{38D9D63D-E155-30C5-A341-4F10E49C52E4}"
	ProjectSection(ProjectDependencies) = postProject
		{024903D7-ECA4-3512-BAC3-B5AFA58A0B57} = {024903D7-ECA4-3512-BAC3-B5AFA58A0B57}
	EndProjectSection
EndProject
Project("{8BC9CEB8-8B4A-11D0-8D11-00A0C91BC942}") = "FilterTest", "test\FilterTest\FilterTest.vcxproj", "{A9DB97FD-A245-38B9-9923-9E1ECB9D9772}"
	ProjectSection(ProjectDependencies) = postProject
		{024903D7-ECA4-3512-BAC3-B5AFA58A0B57} = {024903D7-ECA4-3512-BAC3-B5AFA58A0B57}
	EndProjectSection
EndProject
Project("{8BC9CEB8-8B4A-11D0-8D11-00A0C91BC942}") = "FormTest", "test\FormTest\FormTest.vcxproj", "{EE9D74C7-2DC5-3ADF-BE19-E8DA9168280E}"
	ProjectSection(ProjectDependencies) = postProject
		{024903D7-ECA4-3512-BAC3-B5AFA58A0B57} = {024903D7-ECA4-3512-BAC3-B5AFA58A0B57}
	EndProjectSection
EndProject
Project("{8BC9CEB8-8B4A-11D0-8D11-00A0C91BC942}") = "ObjectParserTest", "test\ObjectParserTest\ObjectParserTest.vcxproj", "{5BEE7416-8692-35C5-8259-7BF5EA2C8598}"
	ProjectSection(ProjectDependencies) = postProject
		{024903D7-ECA4-3512-BAC3-B5AFA58A0B57} = {024903D7-ECA4-3512-BAC3-B5AFA58A0B57}
	EndProjectSection
EndProject
Project("{8BC9CEB8-8B4A-11D0-8D11-00A0C91BC942}") = "ParserTest", "test\ParserTest\ParserTest.vcxproj", "{FC6806DB-F705-3A41-9D2F-6D9748C7760A}"
	ProjectSection(ProjectDependencies) = postProject
		{024903D7-ECA4-3512-BAC3-B5AFA58A0B57} = {024903D7-ECA4-3512-BAC3-B5AFA58A0B57}
	EndProjectSection
EndProject
Project("{8BC9CEB8-8B4A-11D0-8D11-00A0C91BC942}") = "SignatureTest", "test\SignatureTest\SignatureTest.vcxproj", "{0495802F-0B07-37E2-ADD6-4D8D8970CC49}"
	ProjectSection(ProjectDependencies) = postProject
		{024903D7-ECA4-3512-BAC3-B5AFA58A0B57} = {024903D7-ECA4-3512-BAC3-B5AFA58A0B57}
	EndProjectSection
EndProject
Project("{8BC9CEB8-8B4A-11D0-8D11-00A0C91BC942}") = "TokenizerTest", "test\TokenizerTest\TokenizerTest.vcxproj", "{CAE4CC3A-7559-358C-8E5D-A565357A23C0}"
	ProjectSection(ProjectDependencies) = postProject
		{024903D7-ECA4-3512-BAC3-B5AFA58A0B57} = {024903D7-ECA4-3512-BAC3-B5AFA58A0B57}
	EndProjectSection
EndProject
Project("{8BC9CEB8-8B4A-11D0-8D11-00A0C91BC942}") = "VariantTest", "test\VariantTest\VariantTest.vcxproj", "{B8B58C60-985E-31A9-8A27-C364F8F21295}"
	ProjectSection(ProjectDependencies) = postProject
		{024903D7-ECA4-3512-BAC3-B5AFA58A0B57} = {024903D7-ECA4-3512-BAC3-B5AFA58A0B57}
	EndProjectSection
EndProject
Project("{8BC9CEB8-8B4A-11D0-8D11-00A0C91BC942}") = "WatermarkTest", "test\WatermarkTest\WatermarkTest.vcxproj", "{DCB3CF1D-9E37-3FBF-B3AC-DA88C74394BD}"
	ProjectSection(ProjectDependencies) = postProject
		{024903D7-ECA4-3512-BAC3-B5AFA58A0B57} = {024903D7-ECA4-3512-BAC3-B5AFA58A0B57}
	EndProjectSection
EndProject
Project("{8BC9CEB8-8B4A-11D0-8D11-00A0C91BC942}") = "helloworld", "examples\helloworld\helloworld.vcxproj", "{E1E1F1F8-BD96-3CA0-B21C-0E93721023E3}"
	ProjectSection(ProjectDependencies) = postProject
		{024903D7-ECA4-3512-BAC3-B5AFA58A0B57} = {024903D7-ECA4-3512-BAC3-B5AFA58A0B57}
	EndProjectSection
EndProject
Project("{8BC9CEB8-8B4A-11D0-8D11-00A0C91BC942}") = "helloworld-base14", "examples\helloworld-base14\helloworld-base14.vcxproj", "{C709D4F0-1D4D-3EF7-902C-664ABF27E9C6}"
	ProjectSection(ProjectDependencies) = postProject
		{024903D7-ECA4-3512-BAC3-B5AFA58A0B57} = {024903D7-ECA4-3512-BAC3-B5AFA58A0B57}
	EndProjectSection
EndProject
Project("{8BC9CEB8-8B4A-11D0-8D11-00A0C91BC942}") = "podofo_shared", "src\podofo\podofo_shared.vcxproj", "{024903D7-ECA4-3512-BAC3-B5AFA58A0B57}"
EndProject
Project("{8BC9CEB8-8B4A-11D0-8D11-00A0C91BC942}") = "podofobox", "tools\podofobox\podofobox.vcxproj", "{6630A5F3-8C60-32C3-885D-F57F00DBE590}"
	ProjectSection(ProjectDependencies) = postProject
		{024903D7-ECA4-3512-BAC3-B5AFA58A0B57} = {024903D7-ECA4-3512-BAC3-B5AFA58A0B57}
	EndProjectSection
EndProject
Project("{8BC9CEB8-8B4A-11D0-8D11-00A0C91BC942}") = "podofocolor", "tools\podofocolor\podofocolor.vcxproj", "{909218F7-10AB-389F-A59B-54E5C5CDAF0B}"
	ProjectSection(ProjectDependencies) = postProject
		{024903D7-ECA4-3512-BAC3-B5AFA58A0B57} = {024903D7-ECA4-3512-BAC3-B5AFA58A0B57}
	EndProjectSection
EndProject
Project("{8BC9CEB8-8B4A-11D0-8D11-00A0C91BC942}") = "podofocountpages", "tools\podofocountpages\podofocountpages.vcxproj", "{EEDD721F-BD70-33D0-8A1B-9812769F5620}"
	ProjectSection(ProjectDependencies) = postProject
		{024903D7-ECA4-3512-BAC3-B5AFA58A0B57} = {024903D7-ECA4-3512-BAC3-B5AFA58A0B57}
	EndProjectSection
EndProject
Project("{8BC9CEB8-8B4A-11D0-8D11-00A0C91BC942}") = "podofocrop", "tools\podofocrop\podofocrop.vcxproj", "{E9F4A87C-C4F6-3693-87A7-04B1A94A3400}"
	ProjectSection(ProjectDependencies) = postProject
		{024903D7-ECA4-3512-BAC3-B5AFA58A0B57} = {024903D7-ECA4-3512-BAC3-B5AFA58A0B57}
	EndProjectSection
EndProject
Project("{8BC9CEB8-8B4A-11D0-8D11-00A0C91BC942}") = "podofoencrypt", "tools\podofoencrypt\podofoencrypt.vcxproj", "{02612A6B-2684-363A-A2E2-F69392A47271}"
	ProjectSection(ProjectDependencies) = postProject
		{024903D7-ECA4-3512-BAC3-B5AFA58A0B57} = {024903D7-ECA4-3512-BAC3-B5AFA58A0B57}
	EndProjectSection
EndProject
Project("{8BC9CEB8-8B4A-11D0-8D11-00A0C91BC942}") = "podofogc", "tools\podofogc\podofogc.vcxproj", "{2A2CAF33-2167-33E6-9D3D-378C510C4A07}"
	ProjectSection(ProjectDependencies) = postProject
		{024903D7-ECA4-3512-BAC3-B5AFA58A0B57} = {024903D7-ECA4-3512-BAC3-B5AFA58A0B57}
	EndProjectSection
EndProject
Project("{8BC9CEB8-8B4A-11D0-8D11-00A0C91BC942}") = "podofoimg2pdf", "tools\podofoimg2pdf\podofoimg2pdf.vcxproj", "{5495CB38-CEDB-3C96-BAE1-8A14BD6160FE}"
	ProjectSection(ProjectDependencies) = postProject
		{024903D7-ECA4-3512-BAC3-B5AFA58A0B57} = {024903D7-ECA4-3512-BAC3-B5AFA58A0B57}
	EndProjectSection
EndProject
Project("{8BC9CEB8-8B4A-11D0-8D11-00A0C91BC942}") = "podofoimgextract", "tools\podofoimgextract\podofoimgextract.vcxproj", "{E253200A-F653-3EBC-BB14-13914D48734D}"
	ProjectSection(ProjectDependencies) = postProject
		{024903D7-ECA4-3512-BAC3-B5AFA58A0B57} = {024903D7-ECA4-3512-BAC3-B5AFA58A0B57}
	EndProjectSection
EndProject
Project("{8BC9CEB8-8B4A-11D0-8D11-00A0C91BC942}") = "podofoimpose", "tools\podofoimpose\podofoimpose.vcxproj", "{C3D50AB1-A4D5-3FA0-9E56-53902FF3C093}"
	ProjectSection(ProjectDependencies) = postProject
		{024903D7-ECA4-3512-BAC3-B5AFA58A0B57} = {024903D7-ECA4-3512-BAC3-B5AFA58A0B57}
	EndProjectSection
EndProject
Project("{8BC9CEB8-8B4A-11D0-8D11-00A0C91BC942}") = "podofoincrementalupdates", "tools\podofoincrementalupdates\podofoincrementalupdates.vcxproj", "{8B7656C4-3829-3B25-86DC-32C50FA51703}"
	ProjectSection(ProjectDependencies) = postProject
		{024903D7-ECA4-3512-BAC3-B5AFA58A0B57} = {024903D7-ECA4-3512-BAC3-B5AFA58A0B57}
	EndProjectSection
EndProject
Project("{8BC9CEB8-8B4A-11D0-8D11-00A0C91BC942}") = "podofomerge", "tools\podofomerge\podofomerge.vcxproj", "{E3E2E1FF-6562-3359-8469-E96A78895557}"
	ProjectSection(ProjectDependencies) = postProject
		{024903D7-ECA4-3512-BAC3-B5AFA58A0B57} = {024903D7-ECA4-3512-BAC3-B5AFA58A0B57}
	EndProjectSection
EndProject
Project("{8BC9CEB8-8B4A-11D0-8D11-00A0C91BC942}") = "podofonooc", "tools\podofonooc\podofonooc.vcxproj", "{F2923FFC-35DA-3B1C-9914-8EDCD0D59382}"
	ProjectSection(ProjectDependencies) = postProject
		{024903D7-ECA4-3512-BAC3-B5AFA58A0B57} = {024903D7-ECA4-3512-BAC3-B5AFA58A0B57}
	EndProjectSection
EndProject
Project("{8BC9CEB8-8B4A-11D0-8D11-00A0C91BC942}") = "podofopages", "tools\podofopages\podofopages.vcxproj", "{7F1881D9-79E2-321A-87F3-77FD9D67EC72}"
	ProjectSection(ProjectDependencies) = postProject
		{024903D7-ECA4-3512-BAC3-B5AFA58A0B57} = {024903D7-ECA4-3512-BAC3-B5AFA58A0B57}
	EndProjectSection
EndProject
Project("{8BC9CEB8-8B4A-11D0-8D11-00A0C91BC942}") = "podofopdfinfo", "tools\podofopdfinfo\podofopdfinfo.vcxproj", "{49B88ABC-DF9A-3609-94F8-F2DEE40ABA0D}"
	ProjectSection(ProjectDependencies) = postProject
		{024903D7-ECA4-3512-BAC3-B5AFA58A0B57} = {024903D7-ECA4-3512-BAC3-B5AFA58A0B57}
	EndProjectSection
EndProject
Project("{8BC9CEB8-8B4A-11D0-8D11-00A0C91BC942}") = "podofotxt2pdf", "tools\podofotxt2pdf\podofotxt2pdf.vcxproj", "{43EA6CAA-EEDE-3976-A5F6-FCB0DC253C7E}"
	ProjectSection(ProjectDependencies) = postProject
		{024903D7-ECA4-3512-BAC3-B5AFA58A0B57} = {024903D7-ECA4-3512-BAC3-B5AFA58A0B57}
	EndProjectSection
EndProject
Project("{8BC9CEB8-8B4A-11D0-8D11-00A0C91BC942}") = "podofotxtextract", "tools\podofotxtextract\podofotxtextract.vcxproj", "{7223EEF0-1E6A-3413-BDBA-1997C8A72674}"
	ProjectSection(ProjectDependencies) = postProject
		{024903D7-ECA4-3512-BAC3-B5AFA58A0B57} = {024903D7-ECA4-3512-BAC3-B5AFA58A0B57}
	EndProjectSection
EndProject
Project("{8BC9CEB8-8B4A-11D0-8D11-00A0C91BC942}") = "podofouncompress", "tools\podofouncompress\podofouncompress.vcxproj", "{C5A6B847-8BB7-356C-A10E-F9106701F044}"
	ProjectSection(ProjectDependencies) = postProject
		{024903D7-ECA4-3512-BAC3-B5AFA58A0B57} = {024903D7-ECA4-3512-BAC3-B5AFA58A0B57}
	EndProjectSection
EndProject
Project("{8BC9CEB8-8B4A-11D0-8D11-00A0C91BC942}") = "podofoxmp", "tools\podofoxmp\podofoxmp.vcxproj", "{51973438-580D-3B12-B654-F2E7DA26EDD3}"
	ProjectSection(ProjectDependencies) = postProject
		{024903D7-ECA4-3512-BAC3-B5AFA58A0B57} = {024903D7-ECA4-3512-BAC3-B5AFA58A0B57}
	EndProjectSection
EndProject
Project("{2150E333-8FDC-42A3-9474-1A3956D46DE8}") = "library", "library", "{1A5D3B90-10C0-48E6-A0DD-2D96921E6599}"
EndProject
Project("{2150E333-8FDC-42A3-9474-1A3956D46DE8}") = "examples", "examples", "{9129E715-3020-412B-9463-10D3562EE7BB}"
EndProject
Project("{2150E333-8FDC-42A3-9474-1A3956D46DE8}") = "test", "test", "{6E409AEC-2ECD-45F9-A579-9F41834FA7F9}"
EndProject
Project("{2150E333-8FDC-42A3-9474-1A3956D46DE8}") = "tools", "tools", "{6387902C-C609-4C4F-B9C3-700FED7872E7}"
EndProject
Global
	GlobalSection(SolutionConfigurationPlatforms) = preSolution
		Debug|Win32 = Debug|Win32
		MinSizeRel|Win32 = MinSizeRel|Win32
		Release|Win32 = Release|Win32
		RelWithDebInfo|Win32 = RelWithDebInfo|Win32
	EndGlobalSection
	GlobalSection(ProjectConfigurationPlatforms) = postSolution
		{E62C6EDA-F20A-3CF3-9BB7-F26194887B2C}.Debug|Win32.ActiveCfg = Debug|Win32
		{E62C6EDA-F20A-3CF3-9BB7-F26194887B2C}.Debug|Win32.Build.0 = Debug|Win32
		{E62C6EDA-F20A-3CF3-9BB7-F26194887B2C}.MinSizeRel|Win32.ActiveCfg = MinSizeRel|Win32
		{E62C6EDA-F20A-3CF3-9BB7-F26194887B2C}.MinSizeRel|Win32.Build.0 = MinSizeRel|Win32
		{E62C6EDA-F20A-3CF3-9BB7-F26194887B2C}.Release|Win32.ActiveCfg = Release|Win32
		{E62C6EDA-F20A-3CF3-9BB7-F26194887B2C}.Release|Win32.Build.0 = Release|Win32
		{E62C6EDA-F20A-3CF3-9BB7-F26194887B2C}.RelWithDebInfo|Win32.ActiveCfg = RelWithDebInfo|Win32
		{E62C6EDA-F20A-3CF3-9BB7-F26194887B2C}.RelWithDebInfo|Win32.Build.0 = RelWithDebInfo|Win32
		{38D9D63D-E155-30C5-A341-4F10E49C52E4}.Debug|Win32.ActiveCfg = Debug|Win32
		{38D9D63D-E155-30C5-A341-4F10E49C52E4}.Debug|Win32.Build.0 = Debug|Win32
		{38D9D63D-E155-30C5-A341-4F10E49C52E4}.MinSizeRel|Win32.ActiveCfg = MinSizeRel|Win32
		{38D9D63D-E155-30C5-A341-4F10E49C52E4}.MinSizeRel|Win32.Build.0 = MinSizeRel|Win32
		{38D9D63D-E155-30C5-A341-4F10E49C52E4}.Release|Win32.ActiveCfg = Release|Win32
		{38D9D63D-E155-30C5-A341-4F10E49C52E4}.Release|Win32.Build.0 = Release|Win32
		{38D9D63D-E155-30C5-A341-4F10E49C52E4}.RelWithDebInfo|Win32.ActiveCfg = RelWithDebInfo|Win32
		{38D9D63D-E155-30C5-A341-4F10E49C52E4}.RelWithDebInfo|Win32.Build.0 = RelWithDebInfo|Win32
		{A9DB97FD-A245-38B9-9923-9E1ECB9D9772}.Debug|Win32.ActiveCfg = Debug|Win32
		{A9DB97FD-A245-38B9-9923-9E1ECB9D9772}.Debug|Win32.Build.0 = Debug|Win32
		{A9DB97FD-A245-38B9-9923-9E1ECB9D9772}.MinSizeRel|Win32.ActiveCfg = MinSizeRel|Win32
		{A9DB97FD-A245-38B9-9923-9E1ECB9D9772}.MinSizeRel|Win32.Build.0 = MinSizeRel|Win32
		{A9DB97FD-A245-38B9-9923-9E1ECB9D9772}.Release|Win32.ActiveCfg = Release|Win32
		{A9DB97FD-A245-38B9-9923-9E1ECB9D9772}.Release|Win32.Build.0 = Release|Win32
		{A9DB97FD-A245-38B9-9923-9E1ECB9D9772}.RelWithDebInfo|Win32.ActiveCfg = RelWithDebInfo|Win32
		{A9DB97FD-A245-38B9-9923-9E1ECB9D9772}.RelWithDebInfo|Win32.Build.0 = RelWithDebInfo|Win32
		{EE9D74C7-2DC5-3ADF-BE19-E8DA9168280E}.Debug|Win32.ActiveCfg = Debug|Win32
		{EE9D74C7-2DC5-3ADF-BE19-E8DA9168280E}.Debug|Win32.Build.0 = Debug|Win32
		{EE9D74C7-2DC5-3ADF-BE19-E8DA9168280E}.MinSizeRel|Win32.ActiveCfg = MinSizeRel|Win32
		{EE9D74C7-2DC5-3ADF-BE19-E8DA9168280E}.MinSizeRel|Win32.Build.0 = MinSizeRel|Win32
		{EE9D74C7-2DC5-3ADF-BE19-E8DA9168280E}.Release|Win32.ActiveCfg = Release|Win32
		{EE9D74C7-2DC5-3ADF-BE19-E8DA9168280E}.Release|Win32.Build.0 = Release|Win32
		{EE9D74C7-2DC5-3ADF-BE19-E8DA9168280E}.RelWithDebInfo|Win32.ActiveCfg = RelWithDebInfo|Win32
		{EE9D74C7-2DC5-3ADF-BE19-E8DA9168280E}.RelWithDebInfo|Win32.Build.0 = RelWithDebInfo|Win32
		{5BEE7416-8692-35C5-8259-7BF5EA2C8598}.Debug|Win32.ActiveCfg = Debug|Win32
		{5BEE7416-8692-35C5-8259-7BF5EA2C8598}.Debug|Win32.Build.0 = Debug|Win32
		{5BEE7416-8692-35C5-8259-7BF5EA2C8598}.MinSizeRel|Win32.ActiveCfg = MinSizeRel|Win32
		{5BEE7416-8692-35C5-8259-7BF5EA2C8598}.MinSizeRel|Win32.Build.0 = MinSizeRel|Win32
		{5BEE7416-8692-35C5-8259-7BF5EA2C8598}.Release|Win32.ActiveCfg = Release|Win32
		{5BEE7416-8692-35C5-8259-7BF5EA2C8598}.Release|Win32.Build.0 = Release|Win32
		{5BEE7416-8692-35C5-8259-7BF5EA2C8598}.RelWithDebInfo|Win32.ActiveCfg = RelWithDebInfo|Win32
		{5BEE7416-8692-35C5-8259-7BF5EA2C8598}.RelWithDebInfo|Win32.Build.0 = RelWithDebInfo|Win32
		{FC6806DB-F705-3A41-9D2F-6D9748C7760A}.Debug|Win32.ActiveCfg = Debug|Win32
		{FC6806DB-F705-3A41-9D2F-6D9748C7760A}.Debug|Win32.Build.0 = Debug|Win32
		{FC6806DB-F705-3A41-9D2F-6D9748C7760A}.MinSizeRel|Win32.ActiveCfg = MinSizeRel|Win32
		{FC6806DB-F705-3A41-9D2F-6D9748C7760A}.MinSizeRel|Win32.Build.0 = MinSizeRel|Win32
		{FC6806DB-F705-3A41-9D2F-6D9748C7760A}.Release|Win32.ActiveCfg = Release|Win32
		{FC6806DB-F705-3A41-9D2F-6D9748C7760A}.Release|Win32.Build.0 = Release|Win32
		{FC6806DB-F705-3A41-9D2F-6D9748C7760A}.RelWithDebInfo|Win32.ActiveCfg = RelWithDebInfo|Win32
		{FC6806DB-F705-3A41-9D2F-6D9748C7760A}.RelWithDebInfo|Win32.Build.0 = RelWithDebInfo|Win32
		{0495802F-0B07-37E2-ADD6-4D8D8970CC49}.Debug|Win32.ActiveCfg = Debug|Win32
		{0495802F-0B07-37E2-ADD6-4D8D8970CC49}.Debug|Win32.Build.0 = Debug|Win32
		{0495802F-0B07-37E2-ADD6-4D8D8970CC49}.MinSizeRel|Win32.ActiveCfg = MinSizeRel|Win32
		{0495802F-0B07-37E2-ADD6-4D8D8970CC49}.MinSizeRel|Win32.Build.0 = MinSizeRel|Win32
		{0495802F-0B07-37E2-ADD6-4D8D8970CC49}.Release|Win32.ActiveCfg = Release|Win32
		{0495802F-0B07-37E2-ADD6-4D8D8970CC49}.Release|Win32.Build.0 = Release|Win32
		{0495802F-0B07-37E2-ADD6-4D8D8970CC49}.RelWithDebInfo|Win32.ActiveCfg = RelWithDebInfo|Win32
		{0495802F-0B07-37E2-ADD6-4D8D8970CC49}.RelWithDebInfo|Win32.Build.0 = RelWithDebInfo|Win32
		{CAE4CC3A-7559-358C-8E5D-A565357A23C0}.Debug|Win32.ActiveCfg = Debug|Win32
		{CAE4CC3A-7559-358C-8E5D-A565357A23C0}.Debug|Win32.Build.0 = Debug|Win32
		{CAE4CC3A-7559-358C-8E5D-A565357A23C0}.MinSizeRel|Win32.ActiveCfg = MinSizeRel|Win32
		{CAE4CC3A-7559-358C-8E5D-A565357A23C0}.MinSizeRel|Win32.Build.0 = MinSizeRel|Win32
		{CAE4CC3A-7559-358C-8E5D-A565357A23C0}.Release|Win32.ActiveCfg = Release|Win32
		{CAE4CC3A-7559-358C-8E5D-A565357A23C0}.Release|Win32.Build.0 = Release|Win32
		{CAE4CC3A-7559-358C-8E5D-A565357A23C0}.RelWithDebInfo|Win32.ActiveCfg = RelWithDebInfo|Win32
		{CAE4CC3A-7559-358C-8E5D-A565357A23C0}.RelWithDebInfo|Win32.Build.0 = RelWithDebInfo|Win32
		{B8B58C60-985E-31A9-8A27-C364F8F21295}.Debug|Win32.ActiveCfg = Debug|Win32
		{B8B58C60-985E-31A9-8A27-C364F8F21295}.Debug|Win32.Build.0 = Debug|Win32
		{B8B58C60-985E-31A9-8A27-C364F8F21295}.MinSizeRel|Win32.ActiveCfg = MinSizeRel|Win32
		{B8B58C60-985E-31A9-8A27-C364F8F21295}.MinSizeRel|Win32.Build.0 = MinSizeRel|Win32
		{B8B58C60-985E-31A9-8A27-C364F8F21295}.Release|Win32.ActiveCfg = Release|Win32
		{B8B58C60-985E-31A9-8A27-C364F8F21295}.Release|Win32.Build.0 = Release|Win32
		{B8B58C60-985E-31A9-8A27-C364F8F21295}.RelWithDebInfo|Win32.ActiveCfg = RelWithDebInfo|Win32
		{B8B58C60-985E-31A9-8A27-C364F8F21295}.RelWithDebInfo|Win32.Build.0 = RelWithDebInfo|Win32
		{DCB3CF1D-9E37-3FBF-B3AC-DA88C74394BD}.Debug|Win32.ActiveCfg = Debug|Win32
		{DCB3CF1D-9E37-3FBF-B3AC-DA88C74394BD}.Debug|Win32.Build.0 = Debug|Win32
		{DCB3CF1D-9E37-3FBF-B3AC-DA88C74394BD}.MinSizeRel|Win32.ActiveCfg = MinSizeRel|Win32
		{DCB3CF1D-9E37-3FBF-B3AC-DA88C74394BD}.MinSizeRel|Win32.Build.0 = MinSizeRel|Win32
		{DCB3CF1D-9E37-3FBF-B3AC-DA88C74394BD}.Release|Win32.ActiveCfg = Release|Win32
		{DCB3CF1D-9E37-3FBF-B3AC-DA88C74394BD}.Release|Win32.Build.0 = Release|Win32
		{DCB3CF1D-9E37-3FBF-B3AC-DA88C74394BD}.RelWithDebInfo|Win32.ActiveCfg = RelWithDebInfo|Win32
		{DCB3CF1D-9E37-3FBF-B3AC-DA88C74394BD}.RelWithDebInfo|Win32.Build.0 = RelWithDebInfo|Win32
		{E1E1F1F8-BD96-3CA0-B21C-0E93721023E3}.Debug|Win32.ActiveCfg = Debug|Win32
		{E1E1F1F8-BD96-3CA0-B21C-0E93721023E3}.Debug|Win32.Build.0 = Debug|Win32
		{E1E1F1F8-BD96-3CA0-B21C-0E93721023E3}.MinSizeRel|Win32.ActiveCfg = MinSizeRel|Win32
		{E1E1F1F8-BD96-3CA0-B21C-0E93721023E3}.MinSizeRel|Win32.Build.0 = MinSizeRel|Win32
		{E1E1F1F8-BD96-3CA0-B21C-0E93721023E3}.Release|Win32.ActiveCfg = Release|Win32
		{E1E1F1F8-BD96-3CA0-B21C-0E93721023E3}.Release|Win32.Build.0 = Release|Win32
		{E1E1F1F8-BD96-3CA0-B21C-0E93721023E3}.RelWithDebInfo|Win32.ActiveCfg = RelWithDebInfo|Win32
		{E1E1F1F8-BD96-3CA0-B21C-0E93721023E3}.RelWithDebInfo|Win32.Build.0 = RelWithDebInfo|Win32
		{C709D4F0-1D4D-3EF7-902C-664ABF27E9C6}.Debug|Win32.ActiveCfg = Debug|Win32
		{C709D4F0-1D4D-3EF7-902C-664ABF27E9C6}.Debug|Win32.Build.0 = Debug|Win32
		{C709D4F0-1D4D-3EF7-902C-664ABF27E9C6}.MinSizeRel|Win32.ActiveCfg = MinSizeRel|Win32
		{C709D4F0-1D4D-3EF7-902C-664ABF27E9C6}.MinSizeRel|Win32.Build.0 = MinSizeRel|Win32
		{C709D4F0-1D4D-3EF7-902C-664ABF27E9C6}.Release|Win32.ActiveCfg = Release|Win32
		{C709D4F0-1D4D-3EF7-902C-664ABF27E9C6}.Release|Win32.Build.0 = Release|Win32
		{C709D4F0-1D4D-3EF7-902C-664ABF27E9C6}.RelWithDebInfo|Win32.ActiveCfg = RelWithDebInfo|Win32
		{C709D4F0-1D4D-3EF7-902C-664ABF27E9C6}.RelWithDebInfo|Win32.Build.0 = RelWithDebInfo|Win32
		{024903D7-ECA4-3512-BAC3-B5AFA58A0B57}.Debug|Win32.ActiveCfg = Debug|Win32
		{024903D7-ECA4-3512-BAC3-B5AFA58A0B57}.Debug|Win32.Build.0 = Debug|Win32
		{024903D7-ECA4-3512-BAC3-B5AFA58A0B57}.MinSizeRel|Win32.ActiveCfg = MinSizeRel|Win32
		{024903D7-ECA4-3512-BAC3-B5AFA58A0B57}.MinSizeRel|Win32.Build.0 = MinSizeRel|Win32
		{024903D7-ECA4-3512-BAC3-B5AFA58A0B57}.Release|Win32.ActiveCfg = Release|Win32
		{024903D7-ECA4-3512-BAC3-B5AFA58A0B57}.Release|Win32.Build.0 = Release|Win32
		{024903D7-ECA4-3512-BAC3-B5AFA58A0B57}.RelWithDebInfo|Win32.ActiveCfg = RelWithDebInfo|Win32
		{024903D7-ECA4-3512-BAC3-B5AFA58A0B57}.RelWithDebInfo|Win32.Build.0 = RelWithDebInfo|Win32
		{6630A5F3-8C60-32C3-885D-F57F00DBE590}.Debug|Win32.ActiveCfg = Debug|Win32
		{6630A5F3-8C60-32C3-885D-F57F00DBE590}.Debug|Win32.Build.0 = Debug|Win32
		{6630A5F3-8C60-32C3-885D-F57F00DBE590}.MinSizeRel|Win32.ActiveCfg = MinSizeRel|Win32
		{6630A5F3-8C60-32C3-885D-F57F00DBE590}.MinSizeRel|Win32.Build.0 = MinSizeRel|Win32
		{6630A5F3-8C60-32C3-885D-F57F00DBE590}.Release|Win32.ActiveCfg = Release|Win32
		{6630A5F3-8C60-32C3-885D-F57F00DBE590}.Release|Win32.Build.0 = Release|Win32
		{6630A5F3-8C60-32C3-885D-F57F00DBE590}.RelWithDebInfo|Win32.ActiveCfg = RelWithDebInfo|Win32
		{6630A5F3-8C60-32C3-885D-F57F00DBE590}.RelWithDebInfo|Win32.Build.0 = RelWithDebInfo|Win32
		{909218F7-10AB-389F-A59B-54E5C5CDAF0B}.Debug|Win32.ActiveCfg = Debug|Win32
		{909218F7-10AB-389F-A59B-54E5C5CDAF0B}.Debug|Win32.Build.0 = Debug|Win32
		{909218F7-10AB-389F-A59B-54E5C5CDAF0B}.MinSizeRel|Win32.ActiveCfg = MinSizeRel|Win32
		{909218F7-10AB-389F-A59B-54E5C5CDAF0B}.MinSizeRel|Win32.Build.0 = MinSizeRel|Win32
		{909218F7-10AB-389F-A59B-54E5C5CDAF0B}.Release|Win32.ActiveCfg = Release|Win32
		{909218F7-10AB-389F-A59B-54E5C5CDAF0B}.Release|Win32.Build.0 = Release|Win32
		{909218F7-10AB-389F-A59B-54E5C5CDAF0B}.RelWithDebInfo|Win32.ActiveCfg = RelWithDebInfo|Win32
		{909218F7-10AB-389F-A59B-54E5C5CDAF0B}.RelWithDebInfo|Win32.Build.0 = RelWithDebInfo|Win32
		{EEDD721F-BD70-33D0-8A1B-9812769F5620}.Debug|Win32.ActiveCfg = Debug|Win32
		{EEDD721F-BD70-33D0-8A1B-9812769F5620}.Debug|Win32.Build.0 = Debug|Win32
		{EEDD721F-BD70-33D0-8A1B-9812769F5620}.MinSizeRel|Win32.ActiveCfg = MinSizeRel|Win32
		{EEDD721F-BD70-33D0-8A1B-9812769F5620}.MinSizeRel|Win32.Build.0 = MinSizeRel|Win32
		{EEDD721F-BD70-33D0-8A1B-9812769F5620}.Release|Win32.ActiveCfg = Release|Win32
		{EEDD721F-BD70-33D0-8A1B-9812769F5620}.Release|Win32.Build.0 = Release|Win32
		{EEDD721F-BD70-33D0-8A1B-9812769F5620}.RelWithDebInfo|Win32.ActiveCfg = RelWithDebInfo|Win32
		{EEDD721F-BD70-33D0-8A1B-9812769F5620}.RelWithDebInfo|Win32.Build.0 = RelWithDebInfo|Win32
		{E9F4A87C-C4F6-3693-87A7-04B1A94A3400}.Debug|Win32.ActiveCfg = Debug|Win32
		{E9F4A87C-C4F6-3693-87A7-04B1A94A3400}.Debug|Win32.Build.0 = Debug|Win32
		{E9F4A87C-C4F6-3693-87A7-04B1A94A3400}.MinSizeRel|Win32.ActiveCfg = MinSizeRel|Win32
		{E9F4A87C-C4F6-3693-87A7-04B1A94A3400}.MinSizeRel|Win32.Build.0 = MinSizeRel|Win32
		{E9F4A87C-C4F6-3693-87A7-04B1A94A3400}.Release|Win32.ActiveCfg = Release|Win32
		{E9F4A87C-C4F6-3693-87A7-04B1A94A3400}.Release|Win32.Build.0 = Release|Win32
		{E9F4A87C-C4F6-3693-87A7-04B1A94A3400}.RelWithDebInfo|Win32.ActiveCfg = RelWithDebInfo|Win32
		{E9F4A87C-C4F6-3693-87A7-04B1A94A3400}.RelWithDebInfo|Win32.Build.0 = RelWithDebInfo|Win32
		{02612A6B-2684-363A-A2E2-F69392A47271}.Debug|Win32.ActiveCfg = Debug|Win32
		{02612A6B-2684-363A-A2E2-F69392A47271}.Debug|Win32.Build.0 = Debug|Win32
		{02612A6B-2684-363A-A2E2-F69392A47271}.MinSizeRel|Win32.ActiveCfg = MinSizeRel|Win32
		{02612A6B-2684-363A-A2E2-F69392A47271}.MinSizeRel|Win32.Build.0 = MinSizeRel|Win32
		{02612A6B-2684-363A-A2E2-F69392A47271}.Release|Win32.ActiveCfg = Release|Win32
		{02612A6B-2684-363A-A2E2-F69392A47271}.Release|Win32.Build.0 = Release|Win32
		{02612A6B-2684-363A-A2E2-F69392A47271}.RelWithDebInfo|Win32.ActiveCfg = RelWithDebInfo|Win32
		{02612A6B-2684-363A-A2E2-F69392A47271}.RelWithDebInfo|Win32.Build.0 = RelWithDebInfo|Win32
		{2A2CAF33-2167-33E6-9D3D-378C510C4A07}.Debug|Win32.ActiveCfg = Debug|Win32
		{2A2CAF33-2167-33E6-9D3D-378C510C4A07}.Debug|Win32.Build.0 = Debug|Win32
		{2A2CAF33-2167-33E6-9D3D-378C510C4A07}.MinSizeRel|Win32.ActiveCfg = MinSizeRel|Win32
		{2A2CAF33-2167-33E6-9D3D-378C510C4A07}.MinSizeRel|Win32.Build.0 = MinSizeRel|Win32
		{2A2CAF33-2167-33E6-9D3D-378C510C4A07}.Release|Win32.ActiveCfg = Release|Win32
		{2A2CAF33-2167-33E6-9D3D-378C510C4A07}.Release|Win32.Build.0 = Release|Win32
		{2A2CAF33-2167-33E6-9D3D-378C510C4A07}.RelWithDebInfo|Win32.ActiveCfg = RelWithDebInfo|Win32
		{2A2CAF33-2167-33E6-9D3D-378C510C4A07}.RelWithDebInfo|Win32.Build.0 = RelWithDebInfo|Win32
		{5495CB38-CEDB-3C96-BAE1-8A14BD6160FE}.Debug|Win32.ActiveCfg = Debug|Win32
		{5495CB38-CEDB-3C96-BAE1-8A14BD6160FE}.Debug|Win32.Build.0 = Debug|Win32
		{5495CB38-CEDB-3C96-BAE1-8A14BD6160FE}.MinSizeRel|Win32.ActiveCfg = MinSizeRel|Win32
		{5495CB38-CEDB-3C96-BAE1-8A14BD6160FE}.MinSizeRel|Win32.Build.0 = MinSizeRel|Win32
		{5495CB38-CEDB-3C96-BAE1-8A14BD6160FE}.Release|Win32.ActiveCfg = Release|Win32
		{5495CB38-CEDB-3C96-BAE1-8A14BD6160FE}.Release|Win32.Build.0 = Release|Win32
		{5495CB38-CEDB-3C96-BAE1-8A14BD6160FE}.RelWithDebInfo|Win32.ActiveCfg = RelWithDebInfo|Win32
		{5495CB38-CEDB-3C96-BAE1-8A14BD6160FE}.RelWithDebInfo|Win32.Build.0 = RelWithDebInfo|Win32
		{E253200A-F653-3EBC-BB14-13914D48734D}.Debug|Win32.ActiveCfg = Debug|Win32
		{E253200A-F653-3EBC-BB14-13914D48734D}.Debug|Win32.Build.0 = Debug|Win32
		{E253200A-F653-3EBC-BB14-13914D48734D}.MinSizeRel|Win32.ActiveCfg = MinSizeRel|Win32
		{E253200A-F653-3EBC-BB14-13914D48734D}.MinSizeRel|Win32.Build.0 = MinSizeRel|Win32
		{E253200A-F653-3EBC-BB14-13914D48734D}.Release|Win32.ActiveCfg = Release|Win32
		{E253200A-F653-3EBC-BB14-13914D48734D}.Release|Win32.Build.0 = Release|Win32
		{E253200A-F653-3EBC-BB14-13914D48734D}.RelWithDebInfo|Win32.ActiveCfg = RelWithDebInfo|Win32
		{E253200A-F653-3EBC-BB14-13914D48734D}.RelWithDebInfo|Win32.Build.0 = RelWithDebInfo|Win32
		{C3D50AB1-A4D5-3FA0-9E56-53902FF3C093}.Debug|Win32.ActiveCfg = Debug|Win32
		{C3D50AB1-A4D5-3FA0-9E56-53902FF3C093}.Debug|Win32.Build.0 = Debug|Win32
		{C3D50AB1-A4D5-3FA0-9E56-53902FF3C093}.MinSizeRel|Win32.ActiveCfg = MinSizeRel|Win32
		{C3D50AB1-A4D5-3FA0-9E56-53902FF3C093}.MinSizeRel|Win32.Build.0 = MinSizeRel|Win32
		{C3D50AB1-A4D5-3FA0-9E56-53902FF3C093}.Release|Win32.ActiveCfg = Release|Win32
		{C3D50AB1-A4D5-3FA0-9E56-53902FF3C093}.Release|Win32.Build.0 = Release|Win32
		{C3D50AB1-A4D5-3FA0-9E56-53902FF3C093}.RelWithDebInfo|Win32.ActiveCfg = RelWithDebInfo|Win32
		{C3D50AB1-A4D5-3FA0-9E56-53902FF3C093}.RelWithDebInfo|Win32.Build.0 = RelWithDebInfo|Win32
		{8B7656C4-3829-3B25-86DC-32C50FA51703}.Debug|Win32.ActiveCfg = Debug|Win32
		{8B7656C4-3829-3B25-86DC-32C50FA51703}.Debug|Win32.Build.0 = Debug|Win32
		{8B7656C4-3829-3B25-86DC-32C50FA51703}.MinSizeRel|Win32.ActiveCfg = MinSizeRel|Win32
		{8B7656C4-3829-3B25-86DC-32C50FA51703}.MinSizeRel|Win32.Build.0 = MinSizeRel|Win32
		{8B7656C4-3829-3B25-86DC-32C50FA51703}.Release|Win32.ActiveCfg = Release|Win32
		{8B7656C4-3829-3B25-86DC-32C50FA51703}.Release|Win32.Build.0 = Release|Win32
		{8B7656C4-3829-3B25-86DC-32C50FA51703}.RelWithDebInfo|Win32.ActiveCfg = RelWithDebInfo|Win32
		{8B7656C4-3829-3B25-86DC-32C50FA51703}.RelWithDebInfo|Win32.Build.0 = RelWithDebInfo|Win32
		{E3E2E1FF-6562-3359-8469-E96A78895557}.Debug|Win32.ActiveCfg = Debug|Win32
		{E3E2E1FF-6562-3359-8469-E96A78895557}.Debug|Win32.Build.0 = Debug|Win32
		{E3E2E1FF-6562-3359-8469-E96A78895557}.MinSizeRel|Win32.ActiveCfg = MinSizeRel|Win32
		{E3E2E1FF-6562-3359-8469-E96A78895557}.MinSizeRel|Win32.Build.0 = MinSizeRel|Win32
		{E3E2E1FF-6562-3359-8469-E96A78895557}.Release|Win32.ActiveCfg = Release|Win32
		{E3E2E1FF-6562-3359-8469-E96A78895557}.Release|Win32.Build.0 = Release|Win32
		{E3E2E1FF-6562-3359-8469-E96A78895557}.RelWithDebInfo|Win32.ActiveCfg = RelWithDebInfo|Win32
		{E3E2E1FF-6562-3359-8469-E96A78895557}.RelWithDebInfo|Win32.Build.0 = RelWithDebInfo|Win32
		{F2923FFC-35DA-3B1C-9914-8EDCD0D59382}.Debug|Win32.ActiveCfg = Debug|Win32
		{F2923FFC-35DA-3B1C-9914-8EDCD0D59382}.Debug|Win32.Build.0 = Debug|Win32
		{F2923FFC-35DA-3B1C-9914-8EDCD0D59382}.MinSizeRel|Win32.ActiveCfg = MinSizeRel|Win32
		{F2923FFC-35DA-3B1C-9914-8EDCD0D59382}.MinSizeRel|Win32.Build.0 = MinSizeRel|Win32
		{F2923FFC-35DA-3B1C-9914-8EDCD0D59382}.Release|Win32.ActiveCfg = Release|Win32
		{F2923FFC-35DA-3B1C-9914-8EDCD0D59382}.Release|Win32.Build.0 = Release|Win32
		{F2923FFC-35DA-3B1C-9914-8EDCD0D59382}.RelWithDebInfo|Win32.ActiveCfg = RelWithDebInfo|Win32
		{F2923FFC-35DA-3B1C-9914-8EDCD0D59382}.RelWithDebInfo|Win32.Build.0 = RelWithDebInfo|Win32
		{7F1881D9-79E2-321A-87F3-77FD9D67EC72}.Debug|Win32.ActiveCfg = Debug|Win32
		{7F1881D9-79E2-321A-87F3-77FD9D67EC72}.Debug|Win32.Build.0 = Debug|Win32
		{7F1881D9-79E2-321A-87F3-77FD9D67EC72}.MinSizeRel|Win32.ActiveCfg = MinSizeRel|Win32
		{7F1881D9-79E2-321A-87F3-77FD9D67EC72}.MinSizeRel|Win32.Build.0 = MinSizeRel|Win32
		{7F1881D9-79E2-321A-87F3-77FD9D67EC72}.Release|Win32.ActiveCfg = Release|Win32
		{7F1881D9-79E2-321A-87F3-77FD9D67EC72}.Release|Win32.Build.0 = Release|Win32
		{7F1881D9-79E2-321A-87F3-77FD9D67EC72}.RelWithDebInfo|Win32.ActiveCfg = RelWithDebInfo|Win32
		{7F1881D9-79E2-321A-87F3-77FD9D67EC72}.RelWithDebInfo|Win32.Build.0 = RelWithDebInfo|Win32
		{49B88ABC-DF9A-3609-94F8-F2DEE40ABA0D}.Debug|Win32.ActiveCfg = Debug|Win32
		{49B88ABC-DF9A-3609-94F8-F2DEE40ABA0D}.Debug|Win32.Build.0 = Debug|Win32
		{49B88ABC-DF9A-3609-94F8-F2DEE40ABA0D}.MinSizeRel|Win32.ActiveCfg = MinSizeRel|Win32
		{49B88ABC-DF9A-3609-94F8-F2DEE40ABA0D}.MinSizeRel|Win32.Build.0 = MinSizeRel|Win32
		{49B88ABC-DF9A-3609-94F8-F2DEE40ABA0D}.Release|Win32.ActiveCfg = Release|Win32
		{49B88ABC-DF9A-3609-94F8-F2DEE40ABA0D}.Release|Win32.Build.0 = Release|Win32
		{49B88ABC-DF9A-3609-94F8-F2DEE40ABA0D}.RelWithDebInfo|Win32.ActiveCfg = RelWithDebInfo|Win32
		{49B88ABC-DF9A-3609-94F8-F2DEE40ABA0D}.RelWithDebInfo|Win32.Build.0 = RelWithDebInfo|Win32
		{43EA6CAA-EEDE-3976-A5F6-FCB0DC253C7E}.Debug|Win32.ActiveCfg = Debug|Win32
		{43EA6CAA-EEDE-3976-A5F6-FCB0DC253C7E}.Debug|Win32.Build.0 = Debug|Win32
		{43EA6CAA-EEDE-3976-A5F6-FCB0DC253C7E}.MinSizeRel|Win32.ActiveCfg = MinSizeRel|Win32
		{43EA6CAA-EEDE-3976-A5F6-FCB0DC253C7E}.MinSizeRel|Win32.Build.0 = MinSizeRel|Win32
		{43EA6CAA-EEDE-3976-A5F6-FCB0DC253C7E}.Release|Win32.ActiveCfg = Release|Win32
		{43EA6CAA-EEDE-3976-A5F6-FCB0DC253C7E}.Release|Win32.Build.0 = Release|Win32
		{43EA6CAA-EEDE-3976-A5F6-FCB0DC253C7E}.RelWithDebInfo|Win32.ActiveCfg = RelWithDebInfo|Win32
		{43EA6CAA-EEDE-3976-A5F6-FCB0DC253C7E}.RelWithDebInfo|Win32.Build.0 = RelWithDebInfo|Win32
		{7223EEF0-1E6A-3413-BDBA-1997C8A72674}.Debug|Win32.ActiveCfg = Debug|Win32
		{7223EEF0-1E6A-3413-BDBA-1997C8A72674}.Debug|Win32.Build.0 = Debug|Win32
		{7223EEF0-1E6A-3413-BDBA-1997C8A72674}.MinSizeRel|Win32.ActiveCfg = MinSizeRel|Win32
		{7223EEF0-1E6A-3413-BDBA-1997C8A72674}.MinSizeRel|Win32.Build.0 = MinSizeRel|Win32
		{7223EEF0-1E6A-3413-BDBA-1997C8A72674}.Release|Win32.ActiveCfg = Release|Win32
		{7223EEF0-1E6A-3413-BDBA-1997C8A72674}.Release|Win32.Build.0 = Release|Win32
		{7223EEF0-1E6A-3413-BDBA-1997C8A72674}.RelWithDebInfo|Win32.ActiveCfg = RelWithDebInfo|Win32
		{7223EEF0-1E6A-3413-BDBA-1997C8A72674}.RelWithDebInfo|Win32.Build.0 = RelWithDebInfo|Win32
		{C5A6B847-8BB7-356C-A10E-F9106701F044}.Debug|Win32.ActiveCfg = Debug|Win32
		{C5A6B847-8BB7-356C-A10E-F9106701F044}.Debug|Win32.Build.0 = Debug|Win32
		{C5A6B847-8BB7-356C-A10E-F9106701F044}.MinSizeRel|Win32.ActiveCfg = MinSizeRel|Win32
		{C5A6B847-8BB7-356C-A10E-F9106701F044}.MinSizeRel|Win32.Build.0 = MinSizeRel|Win32
		{C5A6B847-8BB7-356C-A10E-F9106701F044}.Release|Win32.ActiveCfg = Release|Win32
		{C5A6B847-8BB7-356C-A10E-F9106701F044}.Release|Win32.Build.0 = Release|Win32
		{C5A6B847-8BB7-356C-A10E-F9106701F044}.RelWithDebInfo|Win32.ActiveCfg = RelWithDebInfo|Win32
		{C5A6B847-8BB7-356C-A10E-F9106701F044}.RelWithDebInfo|Win32.Build.0 = RelWithDebInfo|Win32
		{51973438-580D-3B12-B654-F2E7DA26EDD3}.Debug|Win32.ActiveCfg = Debug|Win32
		{51973438-580D-3B12-B654-F2E7DA26EDD3}.Debug|Win32.Build.0 = Debug|Win32
		{51973438-580D-3B12-B654-F2E7DA26EDD3}.MinSizeRel|Win32.ActiveCfg = MinSizeRel|Win32
		{51973438-580D-3B12-B654-F2E7DA26EDD3}.MinSizeRel|Win32.Build.0 = MinSizeRel|Win32
		{51973438-580D-3B12-B654-F2E7DA26EDD3}.Release|Win32.ActiveCfg = Release|Win32
		{51973438-580D-3B12-B654-F2E7DA26EDD3}.Release|Win32.Build.0 = Release|Win32
		{51973438-580D-3B12-B654-F2E7DA26EDD3}.RelWithDebInfo|Win32.ActiveCfg = RelWithDebInfo|Win32
		{51973438-580D-3B12-B654-F2E7DA26EDD3}.RelWithDebInfo|Win32.Build.0 = RelWithDebInfo|Win32
	EndGlobalSection
	GlobalSection(SolutionProperties) = preSolution
		HideSolutionNode = FALSE
	EndGlobalSection
	GlobalSection(NestedProjects) = preSolution
		{024903D7-ECA4-3512-BAC3-B5AFA58A0B57} = {1A5D3B90-10C0-48E6-A0DD-2D96921E6599}
		{E1E1F1F8-BD96-3CA0-B21C-0E93721023E3} = {9129E715-3020-412B-9463-10D3562EE7BB}
		{C709D4F0-1D4D-3EF7-902C-664ABF27E9C6} = {9129E715-3020-412B-9463-10D3562EE7BB}
		{E62C6EDA-F20A-3CF3-9BB7-F26194887B2C} = {6E409AEC-2ECD-45F9-A579-9F41834FA7F9}
		{38D9D63D-E155-30C5-A341-4F10E49C52E4} = {6E409AEC-2ECD-45F9-A579-9F41834FA7F9}
		{A9DB97FD-A245-38B9-9923-9E1ECB9D9772} = {6E409AEC-2ECD-45F9-A579-9F41834FA7F9}
		{EE9D74C7-2DC5-3ADF-BE19-E8DA9168280E} = {6E409AEC-2ECD-45F9-A579-9F41834FA7F9}
		{5BEE7416-8692-35C5-8259-7BF5EA2C8598} = {6E409AEC-2ECD-45F9-A579-9F41834FA7F9}
		{FC6806DB-F705-3A41-9D2F-6D9748C7760A} = {6E409AEC-2ECD-45F9-A579-9F41834FA7F9}
		{0495802F-0B07-37E2-ADD6-4D8D8970CC49} = {6E409AEC-2ECD-45F9-A579-9F41834FA7F9}
		{DCB3CF1D-9E37-3FBF-B3AC-DA88C74394BD} = {6E409AEC-2ECD-45F9-A579-9F41834FA7F9}
		{CAE4CC3A-7559-358C-8E5D-A565357A23C0} = {6E409AEC-2ECD-45F9-A579-9F41834FA7F9}
		{B8B58C60-985E-31A9-8A27-C364F8F21295} = {6E409AEC-2ECD-45F9-A579-9F41834FA7F9}
		{6630A5F3-8C60-32C3-885D-F57F00DBE590} = {6387902C-C609-4C4F-B9C3-700FED7872E7}
		{51973438-580D-3B12-B654-F2E7DA26EDD3} = {6387902C-C609-4C4F-B9C3-700FED7872E7}
		{909218F7-10AB-389F-A59B-54E5C5CDAF0B} = {6387902C-C609-4C4F-B9C3-700FED7872E7}
		{EEDD721F-BD70-33D0-8A1B-9812769F5620} = {6387902C-C609-4C4F-B9C3-700FED7872E7}
		{E9F4A87C-C4F6-3693-87A7-04B1A94A3400} = {6387902C-C609-4C4F-B9C3-700FED7872E7}
		{02612A6B-2684-363A-A2E2-F69392A47271} = {6387902C-C609-4C4F-B9C3-700FED7872E7}
		{2A2CAF33-2167-33E6-9D3D-378C510C4A07} = {6387902C-C609-4C4F-B9C3-700FED7872E7}
		{5495CB38-CEDB-3C96-BAE1-8A14BD6160FE} = {6387902C-C609-4C4F-B9C3-700FED7872E7}
		{E253200A-F653-3EBC-BB14-13914D48734D} = {6387902C-C609-4C4F-B9C3-700FED7872E7}
		{C3D50AB1-A4D5-3FA0-9E56-53902FF3C093} = {6387902C-C609-4C4F-B9C3-700FED7872E7}
		{8B7656C4-3829-3B25-86DC-32C50FA51703} = {6387902C-C609-4C4F-B9C3-700FED7872E7}
		{E3E2E1FF-6562-3359-8469-E96A78895557} = {6387902C-C609-4C4F-B9C3-700FED7872E7}
		{F2923FFC-35DA-3B1C-9914-8EDCD0D59382} = {6387902C-C609-4C4F-B9C3-700FED7872E7}
		{7F1881D9-79E2-321A-87F3-77FD9D67EC72} = {6387902C-C609-4C4F-B9C3-700FED7872E7}
		{49B88ABC-DF9A-3609-94F8-F2DEE40ABA0D} = {6387902C-C609-4C4F-B9C3-700FED7872E7}
		{43EA6CAA-EEDE-3976-A5F6-FCB0DC253C7E} = {6387902C-C609-4C4F-B9C3-700FED7872E7}
		{7223EEF0-1E6A-3413-BDBA-1997C8A72674} = {6387902C-C609-4C4F-B9C3-700FED7872E7}
		{C5A6B847-8BB7-356C-A10E-F9106701F044} = {6387902C-C609-4C4F-B9C3-700FED7872E7}
	EndGlobalSection
	GlobalSection(ExtensibilityGlobals) = postSolution
		SolutionGuid = {FB4C87AF-18B9-3B6B-A231-589576BC395A}
	EndGlobalSection
EndGlobal
