<?xml version="1.0" encoding="utf-8"?>
<Project ToolsVersion="4.0" xmlns="http://schemas.microsoft.com/developer/msbuild/2003">
  <ItemGroup>
    <ClCompile Include="podofocolor.cpp">
      <Filter>Source Files</Filter>
    </ClCompile>
    <ClCompile Include="colorchanger.cpp">
      <Filter>Source Files</Filter>
    </ClCompile>
    <ClCompile Include="colorspace.cpp">
      <Filter>Source Files</Filter>
    </ClCompile>
    <ClCompile Include="graphicsstack.cpp">
      <Filter>Source Files</Filter>
    </ClCompile>
    <ClCompile Include="iconverter.cpp">
      <Filter>Source Files</Filter>
    </ClCompile>
    <ClCompile Include="dummyconverter.cpp">
      <Filter>Source Files</Filter>
    </ClCompile>
    <ClCompile Include="grayscaleconverter.cpp">
      <Filter>Source Files</Filter>
    </ClCompile>
  </ItemGroup>
  <ItemGroup>
    <Filter Include="Source Files">
      <UniqueIdentifier>{FB9A8F8B-7ABB-3CAC-97AF-38DCC72333A6}</UniqueIdentifier>
    </Filter>
  </ItemGroup>
</Project>