<?xml version="1.0" encoding="utf-8"?>
<Project ToolsVersion="4.0" xmlns="http://schemas.microsoft.com/developer/msbuild/2003">
  <ItemGroup>
    <ClCompile Include="..\..\..\..\podofo-0.9.7\src\podofo\base\PdfArray.cpp">
      <Filter>Source Files</Filter>
    </ClCompile>
    <ClCompile Include="..\..\..\..\podofo-0.9.7\src\podofo\base\PdfCanvas.cpp">
      <Filter>Source Files</Filter>
    </ClCompile>
    <ClCompile Include="..\..\..\..\podofo-0.9.7\src\podofo\base\PdfColor.cpp">
      <Filter>Source Files</Filter>
    </ClCompile>
    <ClCompile Include="..\..\..\..\podofo-0.9.7\src\podofo\base\PdfContentsTokenizer.cpp">
      <Filter>Source Files</Filter>
    </ClCompile>
    <ClCompile Include="..\..\..\..\podofo-0.9.7\src\podofo\base\PdfData.cpp">
      <Filter>Source Files</Filter>
    </ClCompile>
    <ClCompile Include="..\..\..\..\podofo-0.9.7\src\podofo\base\PdfDataType.cpp">
      <Filter>Source Files</Filter>
    </ClCompile>
    <ClCompile Include="..\..\..\..\podofo-0.9.7\src\podofo\base\PdfOwnedDataType.cpp">
      <Filter>Source Files</Filter>
    </ClCompile>
    <ClCompile Include="..\..\..\..\podofo-0.9.7\src\podofo\base\PdfDate.cpp">
      <Filter>Source Files</Filter>
    </ClCompile>
    <ClCompile Include="..\..\..\..\podofo-0.9.7\src\podofo\base\PdfDictionary.cpp">
      <Filter>Source Files</Filter>
    </ClCompile>
    <ClCompile Include="..\..\..\..\podofo-0.9.7\src\podofo\base\PdfEncoding.cpp">
      <Filter>Source Files</Filter>
    </ClCompile>
    <ClCompile Include="..\..\..\..\podofo-0.9.7\src\podofo\base\PdfEncodingFactory.cpp">
      <Filter>Source Files</Filter>
    </ClCompile>
    <ClCompile Include="..\..\..\..\podofo-0.9.7\src\podofo\base\PdfEncrypt.cpp">
      <Filter>Source Files</Filter>
    </ClCompile>
    <ClCompile Include="..\..\..\..\podofo-0.9.7\src\podofo\base\PdfError.cpp">
      <Filter>Source Files</Filter>
    </ClCompile>
    <ClCompile Include="..\..\..\..\podofo-0.9.7\src\podofo\base\PdfFileStream.cpp">
      <Filter>Source Files</Filter>
    </ClCompile>
    <ClCompile Include="..\..\..\..\podofo-0.9.7\src\podofo\base\PdfFilter.cpp">
      <Filter>Source Files</Filter>
    </ClCompile>
    <ClCompile Include="..\..\..\..\podofo-0.9.7\src\podofo\base\PdfFiltersPrivate.cpp">
      <Filter>Source Files</Filter>
    </ClCompile>
    <ClCompile Include="..\..\..\..\podofo-0.9.7\src\podofo\base\PdfImmediateWriter.cpp">
      <Filter>Source Files</Filter>
    </ClCompile>
    <ClCompile Include="..\..\..\..\podofo-0.9.7\src\podofo\base\PdfInputDevice.cpp">
      <Filter>Source Files</Filter>
    </ClCompile>
    <ClCompile Include="..\..\..\..\podofo-0.9.7\src\podofo\base\PdfInputStream.cpp">
      <Filter>Source Files</Filter>
    </ClCompile>
    <ClCompile Include="..\..\..\..\podofo-0.9.7\src\podofo\base\PdfLocale.cpp">
      <Filter>Source Files</Filter>
    </ClCompile>
    <ClCompile Include="..\..\..\..\podofo-0.9.7\src\podofo\base\PdfMemStream.cpp">
      <Filter>Source Files</Filter>
    </ClCompile>
    <ClCompile Include="..\..\..\..\podofo-0.9.7\src\podofo\base\PdfMemoryManagement.cpp">
      <Filter>Source Files</Filter>
    </ClCompile>
    <ClCompile Include="..\..\..\..\podofo-0.9.7\src\podofo\base\PdfName.cpp">
      <Filter>Source Files</Filter>
    </ClCompile>
    <ClCompile Include="..\..\..\..\podofo-0.9.7\src\podofo\base\PdfObject.cpp">
      <Filter>Source Files</Filter>
    </ClCompile>
    <ClCompile Include="..\..\..\..\podofo-0.9.7\src\podofo\base\PdfObjectStreamParserObject.cpp">
      <Filter>Source Files</Filter>
    </ClCompile>
    <ClCompile Include="..\..\..\..\podofo-0.9.7\src\podofo\base\PdfOutputDevice.cpp">
      <Filter>Source Files</Filter>
    </ClCompile>
    <ClCompile Include="..\..\..\..\podofo-0.9.7\src\podofo\base\PdfOutputStream.cpp">
      <Filter>Source Files</Filter>
    </ClCompile>
    <ClCompile Include="..\..\..\..\podofo-0.9.7\src\podofo\base\PdfParser.cpp">
      <Filter>Source Files</Filter>
    </ClCompile>
    <ClCompile Include="..\..\..\..\podofo-0.9.7\src\podofo\base\PdfParserObject.cpp">
      <Filter>Source Files</Filter>
    </ClCompile>
    <ClCompile Include="..\..\..\..\podofo-0.9.7\src\podofo\base\PdfRect.cpp">
      <Filter>Source Files</Filter>
    </ClCompile>
    <ClCompile Include="..\..\..\..\podofo-0.9.7\src\podofo\base\PdfRefCountedBuffer.cpp">
      <Filter>Source Files</Filter>
    </ClCompile>
    <ClCompile Include="..\..\..\..\podofo-0.9.7\src\podofo\base\PdfRefCountedInputDevice.cpp">
      <Filter>Source Files</Filter>
    </ClCompile>
    <ClCompile Include="..\..\..\..\podofo-0.9.7\src\podofo\base\PdfReference.cpp">
      <Filter>Source Files</Filter>
    </ClCompile>
    <ClCompile Include="..\..\..\..\podofo-0.9.7\src\podofo\base\PdfStream.cpp">
      <Filter>Source Files</Filter>
    </ClCompile>
    <ClCompile Include="..\..\..\..\podofo-0.9.7\src\podofo\base\PdfString.cpp">
      <Filter>Source Files</Filter>
    </ClCompile>
    <ClCompile Include="..\..\..\..\podofo-0.9.7\src\podofo\base\PdfTokenizer.cpp">
      <Filter>Source Files</Filter>
    </ClCompile>
    <ClCompile Include="..\..\..\..\podofo-0.9.7\src\podofo\base\PdfVariant.cpp">
      <Filter>Source Files</Filter>
    </ClCompile>
    <ClCompile Include="..\..\..\..\podofo-0.9.7\src\podofo\base\PdfVecObjects.cpp">
      <Filter>Source Files</Filter>
    </ClCompile>
    <ClCompile Include="..\..\..\..\podofo-0.9.7\src\podofo\base\PdfWriter.cpp">
      <Filter>Source Files</Filter>
    </ClCompile>
    <ClCompile Include="..\..\..\..\podofo-0.9.7\src\podofo\base\PdfXRef.cpp">
      <Filter>Source Files</Filter>
    </ClCompile>
    <ClCompile Include="..\..\..\..\podofo-0.9.7\src\podofo\base\PdfXRefStream.cpp">
      <Filter>Source Files</Filter>
    </ClCompile>
    <ClCompile Include="..\..\..\..\podofo-0.9.7\src\podofo\base\PdfXRefStreamParserObject.cpp">
      <Filter>Source Files</Filter>
    </ClCompile>
    <ClCompile Include="..\..\..\..\podofo-0.9.7\src\podofo\doc\PdfAcroForm.cpp">
      <Filter>Source Files</Filter>
    </ClCompile>
    <ClCompile Include="..\..\..\..\podofo-0.9.7\src\podofo\doc\PdfAction.cpp">
      <Filter>Source Files</Filter>
    </ClCompile>
    <ClCompile Include="..\..\..\..\podofo-0.9.7\src\podofo\doc\PdfAnnotation.cpp">
      <Filter>Source Files</Filter>
    </ClCompile>
    <ClCompile Include="..\..\..\..\podofo-0.9.7\src\podofo\doc\PdfCMapEncoding.cpp">
      <Filter>Source Files</Filter>
    </ClCompile>
    <ClCompile Include="..\..\..\..\podofo-0.9.7\src\podofo\doc\PdfContents.cpp">
      <Filter>Source Files</Filter>
    </ClCompile>
    <ClCompile Include="..\..\..\..\podofo-0.9.7\src\podofo\doc\PdfDestination.cpp">
      <Filter>Source Files</Filter>
    </ClCompile>
    <ClCompile Include="..\..\..\..\podofo-0.9.7\src\podofo\doc\PdfDifferenceEncoding.cpp">
      <Filter>Source Files</Filter>
    </ClCompile>
    <ClCompile Include="..\..\..\..\podofo-0.9.7\src\podofo\doc\PdfDocument.cpp">
      <Filter>Source Files</Filter>
    </ClCompile>
    <ClCompile Include="..\..\..\..\podofo-0.9.7\src\podofo\doc\PdfElement.cpp">
      <Filter>Source Files</Filter>
    </ClCompile>
    <ClCompile Include="..\..\..\..\podofo-0.9.7\src\podofo\doc\PdfEncodingObjectFactory.cpp">
      <Filter>Source Files</Filter>
    </ClCompile>
    <ClCompile Include="..\..\..\..\podofo-0.9.7\src\podofo\doc\PdfExtGState.cpp">
      <Filter>Source Files</Filter>
    </ClCompile>
    <ClCompile Include="..\..\..\..\podofo-0.9.7\src\podofo\doc\PdfField.cpp">
      <Filter>Source Files</Filter>
    </ClCompile>
    <ClCompile Include="..\..\..\..\podofo-0.9.7\src\podofo\doc\PdfFileSpec.cpp">
      <Filter>Source Files</Filter>
    </ClCompile>
    <ClCompile Include="..\..\..\..\podofo-0.9.7\src\podofo\doc\PdfFont.cpp">
      <Filter>Source Files</Filter>
    </ClCompile>
    <ClCompile Include="..\..\..\..\podofo-0.9.7\src\podofo\doc\PdfFontCID.cpp">
      <Filter>Source Files</Filter>
    </ClCompile>
    <ClCompile Include="..\..\..\..\podofo-0.9.7\src\podofo\doc\PdfFontCache.cpp">
      <Filter>Source Files</Filter>
    </ClCompile>
    <ClCompile Include="..\..\..\..\podofo-0.9.7\src\podofo\doc\PdfFontConfigWrapper.cpp">
      <Filter>Source Files</Filter>
    </ClCompile>
    <ClCompile Include="..\..\..\..\podofo-0.9.7\src\podofo\doc\PdfFontFactory.cpp">
      <Filter>Source Files</Filter>
    </ClCompile>
    <ClCompile Include="..\..\..\..\podofo-0.9.7\src\podofo\doc\PdfFontMetrics.cpp">
      <Filter>Source Files</Filter>
    </ClCompile>
    <ClCompile Include="..\..\..\..\podofo-0.9.7\src\podofo\doc\PdfFontMetricsBase14.cpp">
      <Filter>Source Files</Filter>
    </ClCompile>
    <ClCompile Include="..\..\..\..\podofo-0.9.7\src\podofo\doc\PdfFontMetricsFreetype.cpp">
      <Filter>Source Files</Filter>
    </ClCompile>
    <ClCompile Include="..\..\..\..\podofo-0.9.7\src\podofo\doc\PdfFontMetricsObject.cpp">
      <Filter>Source Files</Filter>
    </ClCompile>
    <ClCompile Include="..\..\..\..\podofo-0.9.7\src\podofo\doc\PdfFontSimple.cpp">
      <Filter>Source Files</Filter>
    </ClCompile>
    <ClCompile Include="..\..\..\..\podofo-0.9.7\src\podofo\doc\PdfFontTTFSubset.cpp">
      <Filter>Source Files</Filter>
    </ClCompile>
    <ClCompile Include="..\..\..\..\podofo-0.9.7\src\podofo\doc\PdfFontTrueType.cpp">
      <Filter>Source Files</Filter>
    </ClCompile>
    <ClCompile Include="..\..\..\..\podofo-0.9.7\src\podofo\doc\PdfFontType1.cpp">
      <Filter>Source Files</Filter>
    </ClCompile>
    <ClCompile Include="..\..\..\..\podofo-0.9.7\src\podofo\doc\PdfFontType3.cpp">
      <Filter>Source Files</Filter>
    </ClCompile>
    <ClCompile Include="..\..\..\..\podofo-0.9.7\src\podofo\doc\PdfFontType1Base14.cpp">
      <Filter>Source Files</Filter>
    </ClCompile>
    <ClCompile Include="..\..\..\..\podofo-0.9.7\src\podofo\doc\PdfFunction.cpp">
      <Filter>Source Files</Filter>
    </ClCompile>
    <ClCompile Include="..\..\..\..\podofo-0.9.7\src\podofo\doc\PdfHintStream.cpp">
      <Filter>Source Files</Filter>
    </ClCompile>
    <ClCompile Include="..\..\..\..\podofo-0.9.7\src\podofo\doc\PdfIdentityEncoding.cpp">
      <Filter>Source Files</Filter>
    </ClCompile>
    <ClCompile Include="..\..\..\..\podofo-0.9.7\src\podofo\doc\PdfImage.cpp">
      <Filter>Source Files</Filter>
    </ClCompile>
    <ClCompile Include="..\..\..\..\podofo-0.9.7\src\podofo\doc\PdfInfo.cpp">
      <Filter>Source Files</Filter>
    </ClCompile>
    <ClCompile Include="..\..\..\..\podofo-0.9.7\src\podofo\doc\PdfMemDocument.cpp">
      <Filter>Source Files</Filter>
    </ClCompile>
    <ClCompile Include="..\..\..\..\podofo-0.9.7\src\podofo\doc\PdfNamesTree.cpp">
      <Filter>Source Files</Filter>
    </ClCompile>
    <ClCompile Include="..\..\..\..\podofo-0.9.7\src\podofo\doc\PdfOutlines.cpp">
      <Filter>Source Files</Filter>
    </ClCompile>
    <ClCompile Include="..\..\..\..\podofo-0.9.7\src\podofo\doc\PdfPage.cpp">
      <Filter>Source Files</Filter>
    </ClCompile>
    <ClCompile Include="..\..\..\..\podofo-0.9.7\src\podofo\doc\PdfPagesTree.cpp">
      <Filter>Source Files</Filter>
    </ClCompile>
    <ClCompile Include="..\..\..\..\podofo-0.9.7\src\podofo\doc\PdfPagesTreeCache.cpp">
      <Filter>Source Files</Filter>
    </ClCompile>
    <ClCompile Include="..\..\..\..\podofo-0.9.7\src\podofo\doc\PdfPainter.cpp">
      <Filter>Source Files</Filter>
    </ClCompile>
    <ClCompile Include="..\..\..\..\podofo-0.9.7\src\podofo\doc\PdfPainterMM.cpp">
      <Filter>Source Files</Filter>
    </ClCompile>
    <ClCompile Include="..\..\..\..\podofo-0.9.7\src\podofo\doc\PdfShadingPattern.cpp">
      <Filter>Source Files</Filter>
    </ClCompile>
    <ClCompile Include="..\..\..\..\podofo-0.9.7\src\podofo\doc\PdfSignOutputDevice.cpp">
      <Filter>Source Files</Filter>
    </ClCompile>
    <ClCompile Include="..\..\..\..\podofo-0.9.7\src\podofo\doc\PdfSignatureField.cpp">
      <Filter>Source Files</Filter>
    </ClCompile>
    <ClCompile Include="..\..\..\..\podofo-0.9.7\src\podofo\doc\PdfStreamedDocument.cpp">
      <Filter>Source Files</Filter>
    </ClCompile>
    <ClCompile Include="..\..\..\..\podofo-0.9.7\src\podofo\doc\PdfTable.cpp">
      <Filter>Source Files</Filter>
    </ClCompile>
    <ClCompile Include="..\..\..\..\podofo-0.9.7\src\podofo\doc\PdfTilingPattern.cpp">
      <Filter>Source Files</Filter>
    </ClCompile>
    <ClCompile Include="..\..\..\..\podofo-0.9.7\src\podofo\doc\PdfXObject.cpp">
      <Filter>Source Files</Filter>
    </ClCompile>
  </ItemGroup>
  <ItemGroup>
    <ClInclude Include="..\..\..\..\podofo-0.9.7\src\podofo\podofo-base.h">
      <Filter>Header Files</Filter>
    </ClInclude>
    <ClInclude Include="..\..\..\..\podofo-0.9.7\src\podofo\podofo.h">
      <Filter>Header Files</Filter>
    </ClInclude>
    <ClInclude Include="..\..\podofo_config.h">
      <Filter>Header Files</Filter>
    </ClInclude>
    <ClInclude Include="..\..\..\..\podofo-0.9.7\src\podofo\base\Pdf3rdPtyForwardDecl.h">
      <Filter>Header Files</Filter>
    </ClInclude>
    <ClInclude Include="..\..\..\..\podofo-0.9.7\src\podofo\base\PdfArray.h">
      <Filter>Header Files</Filter>
    </ClInclude>
    <ClInclude Include="..\..\..\..\podofo-0.9.7\src\podofo\base\PdfCanvas.h">
      <Filter>Header Files</Filter>
    </ClInclude>
    <ClInclude Include="..\..\..\..\podofo-0.9.7\src\podofo\base\PdfColor.h">
      <Filter>Header Files</Filter>
    </ClInclude>
    <ClInclude Include="..\..\..\..\podofo-0.9.7\src\podofo\base\PdfCompilerCompat.h">
      <Filter>Header Files</Filter>
    </ClInclude>
    <ClInclude Include="..\..\..\..\podofo-0.9.7\src\podofo\base\PdfCompilerCompatPrivate.h">
      <Filter>Header Files</Filter>
    </ClInclude>
    <ClInclude Include="..\..\..\..\podofo-0.9.7\src\podofo\base\PdfContentsTokenizer.h">
      <Filter>Header Files</Filter>
    </ClInclude>
    <ClInclude Include="..\..\..\..\podofo-0.9.7\src\podofo\base\PdfData.h">
      <Filter>Header Files</Filter>
    </ClInclude>
    <ClInclude Include="..\..\..\..\podofo-0.9.7\src\podofo\base\PdfDataType.h">
      <Filter>Header Files</Filter>
    </ClInclude>
    <ClInclude Include="..\..\..\..\podofo-0.9.7\src\podofo\base\PdfOwnedDataType.h">
      <Filter>Header Files</Filter>
    </ClInclude>
    <ClInclude Include="..\..\..\..\podofo-0.9.7\src\podofo\base\PdfDate.h">
      <Filter>Header Files</Filter>
    </ClInclude>
    <ClInclude Include="..\..\..\..\podofo-0.9.7\src\podofo\base\PdfDefines.h">
      <Filter>Header Files</Filter>
    </ClInclude>
    <ClInclude Include="..\..\..\..\podofo-0.9.7\src\podofo\base\PdfDefinesPrivate.h">
      <Filter>Header Files</Filter>
    </ClInclude>
    <ClInclude Include="..\..\..\..\podofo-0.9.7\src\podofo\base\PdfDictionary.h">
      <Filter>Header Files</Filter>
    </ClInclude>
    <ClInclude Include="..\..\..\..\podofo-0.9.7\src\podofo\base\PdfEncoding.h">
      <Filter>Header Files</Filter>
    </ClInclude>
    <ClInclude Include="..\..\..\..\podofo-0.9.7\src\podofo\base\PdfEncodingFactory.h">
      <Filter>Header Files</Filter>
    </ClInclude>
    <ClInclude Include="..\..\..\..\podofo-0.9.7\src\podofo\base\PdfEncrypt.h">
      <Filter>Header Files</Filter>
    </ClInclude>
    <ClInclude Include="..\..\..\..\podofo-0.9.7\src\podofo\base\PdfExtension.h">
      <Filter>Header Files</Filter>
    </ClInclude>
    <ClInclude Include="..\..\..\..\podofo-0.9.7\src\podofo\base\PdfError.h">
      <Filter>Header Files</Filter>
    </ClInclude>
    <ClInclude Include="..\..\..\..\podofo-0.9.7\src\podofo\base\PdfFileStream.h">
      <Filter>Header Files</Filter>
    </ClInclude>
    <ClInclude Include="..\..\..\..\podofo-0.9.7\src\podofo\base\PdfFilter.h">
      <Filter>Header Files</Filter>
    </ClInclude>
    <ClInclude Include="..\..\..\..\podofo-0.9.7\src\podofo\base\PdfFiltersPrivate.h">
      <Filter>Header Files</Filter>
    </ClInclude>
    <ClInclude Include="..\..\..\..\podofo-0.9.7\src\podofo\base\PdfImmediateWriter.h">
      <Filter>Header Files</Filter>
    </ClInclude>
    <ClInclude Include="..\..\..\..\podofo-0.9.7\src\podofo\base\PdfInputDevice.h">
      <Filter>Header Files</Filter>
    </ClInclude>
    <ClInclude Include="..\..\..\..\podofo-0.9.7\src\podofo\base\PdfInputStream.h">
      <Filter>Header Files</Filter>
    </ClInclude>
    <ClInclude Include="..\..\..\..\podofo-0.9.7\src\podofo\base\PdfLocale.h">
      <Filter>Header Files</Filter>
    </ClInclude>
    <ClInclude Include="..\..\..\..\podofo-0.9.7\src\podofo\base\PdfMemStream.h">
      <Filter>Header Files</Filter>
    </ClInclude>
    <ClInclude Include="..\..\..\..\podofo-0.9.7\src\podofo\base\PdfMemoryManagement.h">
      <Filter>Header Files</Filter>
    </ClInclude>
    <ClInclude Include="..\..\..\..\podofo-0.9.7\src\podofo\base\PdfName.h">
      <Filter>Header Files</Filter>
    </ClInclude>
    <ClInclude Include="..\..\..\..\podofo-0.9.7\src\podofo\base\PdfObject.h">
      <Filter>Header Files</Filter>
    </ClInclude>
    <ClInclude Include="..\..\..\..\podofo-0.9.7\src\podofo\base\PdfObjectStreamParserObject.h">
      <Filter>Header Files</Filter>
    </ClInclude>
    <ClInclude Include="..\..\..\..\podofo-0.9.7\src\podofo\base\PdfOutputDevice.h">
      <Filter>Header Files</Filter>
    </ClInclude>
    <ClInclude Include="..\..\..\..\podofo-0.9.7\src\podofo\base\PdfOutputStream.h">
      <Filter>Header Files</Filter>
    </ClInclude>
    <ClInclude Include="..\..\..\..\podofo-0.9.7\src\podofo\base\PdfParser.h">
      <Filter>Header Files</Filter>
    </ClInclude>
    <ClInclude Include="..\..\..\..\podofo-0.9.7\src\podofo\base\PdfParserObject.h">
      <Filter>Header Files</Filter>
    </ClInclude>
    <ClInclude Include="..\..\..\..\podofo-0.9.7\src\podofo\base\PdfRect.h">
      <Filter>Header Files</Filter>
    </ClInclude>
    <ClInclude Include="..\..\..\..\podofo-0.9.7\src\podofo\base\PdfRefCountedBuffer.h">
      <Filter>Header Files</Filter>
    </ClInclude>
    <ClInclude Include="..\..\..\..\podofo-0.9.7\src\podofo\base\PdfRefCountedInputDevice.h">
      <Filter>Header Files</Filter>
    </ClInclude>
    <ClInclude Include="..\..\..\..\podofo-0.9.7\src\podofo\base\PdfReference.h">
      <Filter>Header Files</Filter>
    </ClInclude>
    <ClInclude Include="..\..\..\..\podofo-0.9.7\src\podofo\base\PdfStream.h">
      <Filter>Header Files</Filter>
    </ClInclude>
    <ClInclude Include="..\..\..\..\podofo-0.9.7\src\podofo\base\PdfString.h">
      <Filter>Header Files</Filter>
    </ClInclude>
    <ClInclude Include="..\..\..\..\podofo-0.9.7\src\podofo\base\PdfTokenizer.h">
      <Filter>Header Files</Filter>
    </ClInclude>
    <ClInclude Include="..\..\..\..\podofo-0.9.7\src\podofo\base\PdfVariant.h">
      <Filter>Header Files</Filter>
    </ClInclude>
    <ClInclude Include="..\..\..\..\podofo-0.9.7\src\podofo\base\PdfVecObjects.h">
      <Filter>Header Files</Filter>
    </ClInclude>
    <ClInclude Include="..\..\..\..\podofo-0.9.7\src\podofo\base\PdfVersion.h">
      <Filter>Header Files</Filter>
    </ClInclude>
    <ClInclude Include="..\..\..\..\podofo-0.9.7\src\podofo\base\PdfWriter.h">
      <Filter>Header Files</Filter>
    </ClInclude>
    <ClInclude Include="..\..\..\..\podofo-0.9.7\src\podofo\base\PdfXRef.h">
      <Filter>Header Files</Filter>
    </ClInclude>
    <ClInclude Include="..\..\..\..\podofo-0.9.7\src\podofo\base\PdfXRefStream.h">
      <Filter>Header Files</Filter>
    </ClInclude>
    <ClInclude Include="..\..\..\..\podofo-0.9.7\src\podofo\base\PdfXRefStreamParserObject.h">
      <Filter>Header Files</Filter>
    </ClInclude>
    <ClInclude Include="..\..\..\..\podofo-0.9.7\src\podofo\base\podofoapi.h">
      <Filter>Header Files</Filter>
    </ClInclude>
    <ClInclude Include="..\..\..\..\podofo-0.9.7\src\podofo\base\util\PdfMutex.h">
      <Filter>Header Files</Filter>
    </ClInclude>
    <ClInclude Include="..\..\..\..\podofo-0.9.7\src\podofo\base\util\PdfMutexImpl_noop.h">
      <Filter>Header Files</Filter>
    </ClInclude>
    <ClInclude Include="..\..\..\..\podofo-0.9.7\src\podofo\base\util\PdfMutexImpl_win32.h">
      <Filter>Header Files</Filter>
    </ClInclude>
    <ClInclude Include="..\..\..\..\podofo-0.9.7\src\podofo\base\util\PdfMutexImpl_pthread.h">
      <Filter>Header Files</Filter>
    </ClInclude>
    <ClInclude Include="..\..\..\..\podofo-0.9.7\src\podofo\base\util\PdfMutexWrapper.h">
      <Filter>Header Files</Filter>
    </ClInclude>
    <ClInclude Include="..\..\..\..\podofo-0.9.7\src\podofo\doc\PdfAcroForm.h">
      <Filter>Header Files</Filter>
    </ClInclude>
    <ClInclude Include="..\..\..\..\podofo-0.9.7\src\podofo\doc\PdfAction.h">
      <Filter>Header Files</Filter>
    </ClInclude>
    <ClInclude Include="..\..\..\..\podofo-0.9.7\src\podofo\doc\PdfAnnotation.h">
      <Filter>Header Files</Filter>
    </ClInclude>
    <ClInclude Include="..\..\..\..\podofo-0.9.7\src\podofo\doc\PdfCMapEncoding.h">
      <Filter>Header Files</Filter>
    </ClInclude>
    <ClInclude Include="..\..\..\..\podofo-0.9.7\src\podofo\doc\PdfContents.h">
      <Filter>Header Files</Filter>
    </ClInclude>
    <ClInclude Include="..\..\..\..\podofo-0.9.7\src\podofo\doc\PdfDestination.h">
      <Filter>Header Files</Filter>
    </ClInclude>
    <ClInclude Include="..\..\..\..\podofo-0.9.7\src\podofo\doc\PdfDifferenceEncoding.h">
      <Filter>Header Files</Filter>
    </ClInclude>
    <ClInclude Include="..\..\..\..\podofo-0.9.7\src\podofo\doc\PdfDocument.h">
      <Filter>Header Files</Filter>
    </ClInclude>
    <ClInclude Include="..\..\..\..\podofo-0.9.7\src\podofo\doc\PdfElement.h">
      <Filter>Header Files</Filter>
    </ClInclude>
    <ClInclude Include="..\..\..\..\podofo-0.9.7\src\podofo\doc\PdfEncodingObjectFactory.h">
      <Filter>Header Files</Filter>
    </ClInclude>
    <ClInclude Include="..\..\..\..\podofo-0.9.7\src\podofo\doc\PdfExtGState.h">
      <Filter>Header Files</Filter>
    </ClInclude>
    <ClInclude Include="..\..\..\..\podofo-0.9.7\src\podofo\doc\PdfField.h">
      <Filter>Header Files</Filter>
    </ClInclude>
    <ClInclude Include="..\..\..\..\podofo-0.9.7\src\podofo\doc\PdfFileSpec.h">
      <Filter>Header Files</Filter>
    </ClInclude>
    <ClInclude Include="..\..\..\..\podofo-0.9.7\src\podofo\doc\PdfFont.h">
      <Filter>Header Files</Filter>
    </ClInclude>
    <ClInclude Include="..\..\..\..\podofo-0.9.7\src\podofo\doc\PdfFontCID.h">
      <Filter>Header Files</Filter>
    </ClInclude>
    <ClInclude Include="..\..\..\..\podofo-0.9.7\src\podofo\doc\PdfFontCache.h">
      <Filter>Header Files</Filter>
    </ClInclude>
    <ClInclude Include="..\..\..\..\podofo-0.9.7\src\podofo\doc\PdfFontConfigWrapper.h">
      <Filter>Header Files</Filter>
    </ClInclude>
    <ClInclude Include="..\..\..\..\podofo-0.9.7\src\podofo\doc\PdfFontFactory.h">
      <Filter>Header Files</Filter>
    </ClInclude>
    <ClInclude Include="..\..\..\..\podofo-0.9.7\src\podofo\doc\PdfFontFactoryBase14Data.h">
      <Filter>Header Files</Filter>
    </ClInclude>
    <ClInclude Include="..\..\..\..\podofo-0.9.7\src\podofo\doc\PdfFontMetrics.h">
      <Filter>Header Files</Filter>
    </ClInclude>
    <ClInclude Include="..\..\..\..\podofo-0.9.7\src\podofo\doc\PdfFontMetricsBase14.h">
      <Filter>Header Files</Filter>
    </ClInclude>
    <ClInclude Include="..\..\..\..\podofo-0.9.7\src\podofo\doc\PdfFontMetricsFreetype.h">
      <Filter>Header Files</Filter>
    </ClInclude>
    <ClInclude Include="..\..\..\..\podofo-0.9.7\src\podofo\doc\PdfFontMetricsObject.h">
      <Filter>Header Files</Filter>
    </ClInclude>
    <ClInclude Include="..\..\..\..\podofo-0.9.7\src\podofo\doc\PdfFontSimple.h">
      <Filter>Header Files</Filter>
    </ClInclude>
    <ClInclude Include="..\..\..\..\podofo-0.9.7\src\podofo\doc\PdfFontTTFSubset.h">
      <Filter>Header Files</Filter>
    </ClInclude>
    <ClInclude Include="..\..\..\..\podofo-0.9.7\src\podofo\doc\PdfFontTrueType.h">
      <Filter>Header Files</Filter>
    </ClInclude>
    <ClInclude Include="..\..\..\..\podofo-0.9.7\src\podofo\doc\PdfFontType1.h">
      <Filter>Header Files</Filter>
    </ClInclude>
    <ClInclude Include="..\..\..\..\podofo-0.9.7\src\podofo\doc\PdfFontType3.h">
      <Filter>Header Files</Filter>
    </ClInclude>
    <ClInclude Include="..\..\..\..\podofo-0.9.7\src\podofo\doc\PdfFontType1Base14.h">
      <Filter>Header Files</Filter>
    </ClInclude>
    <ClInclude Include="..\..\..\..\podofo-0.9.7\src\podofo\doc\PdfFunction.h">
      <Filter>Header Files</Filter>
    </ClInclude>
    <ClInclude Include="..\..\..\..\podofo-0.9.7\src\podofo\doc\PdfHintStream.h">
      <Filter>Header Files</Filter>
    </ClInclude>
    <ClInclude Include="..\..\..\..\podofo-0.9.7\src\podofo\doc\PdfIdentityEncoding.h">
      <Filter>Header Files</Filter>
    </ClInclude>
    <ClInclude Include="..\..\..\..\podofo-0.9.7\src\podofo\doc\PdfImage.h">
      <Filter>Header Files</Filter>
    </ClInclude>
    <ClInclude Include="..\..\..\..\podofo-0.9.7\src\podofo\doc\PdfInfo.h">
      <Filter>Header Files</Filter>
    </ClInclude>
    <ClInclude Include="..\..\..\..\podofo-0.9.7\src\podofo\doc\PdfMemDocument.h">
      <Filter>Header Files</Filter>
    </ClInclude>
    <ClInclude Include="..\..\..\..\podofo-0.9.7\src\podofo\doc\PdfNamesTree.h">
      <Filter>Header Files</Filter>
    </ClInclude>
    <ClInclude Include="..\..\..\..\podofo-0.9.7\src\podofo\doc\PdfOutlines.h">
      <Filter>Header Files</Filter>
    </ClInclude>
    <ClInclude Include="..\..\..\..\podofo-0.9.7\src\podofo\doc\PdfPage.h">
      <Filter>Header Files</Filter>
    </ClInclude>
    <ClInclude Include="..\..\..\..\podofo-0.9.7\src\podofo\doc\PdfPagesTree.h">
      <Filter>Header Files</Filter>
    </ClInclude>
    <ClInclude Include="..\..\..\..\podofo-0.9.7\src\podofo\doc\PdfPagesTreeCache.h">
      <Filter>Header Files</Filter>
    </ClInclude>
    <ClInclude Include="..\..\..\..\podofo-0.9.7\src\podofo\doc\PdfPainter.h">
      <Filter>Header Files</Filter>
    </ClInclude>
    <ClInclude Include="..\..\..\..\podofo-0.9.7\src\podofo\doc\PdfPainterMM.h">
      <Filter>Header Files</Filter>
    </ClInclude>
    <ClInclude Include="..\..\..\..\podofo-0.9.7\src\podofo\doc\PdfShadingPattern.h">
      <Filter>Header Files</Filter>
    </ClInclude>
    <ClInclude Include="..\..\..\..\podofo-0.9.7\src\podofo\doc\PdfSignOutputDevice.h">
      <Filter>Header Files</Filter>
    </ClInclude>
    <ClInclude Include="..\..\..\..\podofo-0.9.7\src\podofo\doc\PdfSignatureField.h">
      <Filter>Header Files</Filter>
    </ClInclude>
    <ClInclude Include="..\..\..\..\podofo-0.9.7\src\podofo\doc\PdfStreamedDocument.h">
      <Filter>Header Files</Filter>
    </ClInclude>
    <ClInclude Include="..\..\..\..\podofo-0.9.7\src\podofo\doc\PdfTable.h">
      <Filter>Header Files</Filter>
    </ClInclude>
    <ClInclude Include="..\..\..\..\podofo-0.9.7\src\podofo\doc\PdfTilingPattern.h">
      <Filter>Header Files</Filter>
    </ClInclude>
    <ClInclude Include="..\..\..\..\podofo-0.9.7\src\podofo\doc\PdfXObject.h">
      <Filter>Header Files</Filter>
    </ClInclude>
  </ItemGroup>
  <ItemGroup>
    <ResourceCompile Include="..\..\..\..\podofo-0.9.7\src\podofo\doc\podofo-doc.rc">
      <Filter>Source Files</Filter>
    </ResourceCompile>
  </ItemGroup>
  <ItemGroup>
    <Filter Include="Header Files">
      <UniqueIdentifier>{AC36A4A6-5F35-3B9F-B244-26F05088BDFA}</UniqueIdentifier>
    </Filter>
    <Filter Include="Source Files">
      <UniqueIdentifier>{FB9A8F8B-7ABB-3CAC-97AF-38DCC72333A6}</UniqueIdentifier>
    </Filter>
  </ItemGroup>
</Project>