<?xml version="1.0" encoding="utf-8"?>
<Project ToolsVersion="4.0" xmlns="http://schemas.microsoft.com/developer/msbuild/2003">
  <ItemGroup>
    <ClCompile Include="..\..\..\..\podofo-0.9.7\tools\podofoimg2pdf\podofoimg2pdf.cpp">
      <Filter>Source Files</Filter>
    </ClCompile>
    <ClCompile Include="..\..\..\..\podofo-0.9.7\tools\podofoimg2pdf\ImageConverter.cpp">
      <Filter>Source Files</Filter>
    </ClCompile>
  </ItemGroup>
  <ItemGroup>
    <CustomBuild Include="..\..\..\..\podofo-0.9.7\tools\podofoimg2pdf\CMakeLists.txt" />
  </ItemGroup>
  <ItemGroup>
    <Filter Include="Source Files">
      <UniqueIdentifier>{FB9A8F8B-7ABB-3CAC-97AF-38DCC72333A6}</UniqueIdentifier>
    </Filter>
  </ItemGroup>
</Project>
